// !$*UTF8*$!
{
	archiveVersion = 1;
	classes = {
	};
	objectVersion = 46;
	objects = {

/* Begin PBXBuildFile section */
		762BC41A1C15CE8700DF0FEA /* DragImage.swift in Sources */ = {isa = PBXBuildFile; fileRef = 762BC4191C15CE8700DF0FEA /* DragImage.swift */; };
		767862181C149C4000CD0827 /* AppDelegate.swift in Sources */ = {isa = PBXBuildFile; fileRef = 767862171C149C4000CD0827 /* AppDelegate.swift */; };
		7678621A1C149C4000CD0827 /* ViewController.swift in Sources */ = {isa = PBXBuildFile; fileRef = 767862191C149C4000CD0827 /* ViewController.swift */; };
		7678621D1C149C4000CD0827 /* Main.storyboard in Resources */ = {isa = PBXBuildFile; fileRef = 7678621B1C149C4000CD0827 /* Main.storyboard */; };
		7678621F1C149C4000CD0827 /* Assets.xcassets in Resources */ = {isa = PBXBuildFile; fileRef = 7678621E1C149C4000CD0827 /* Assets.xcassets */; };
		767862221C149C4100CD0827 /* LaunchScreen.storyboard in Resources */ = {isa = PBXBuildFile; fileRef = 767862201C149C4100CD0827 /* LaunchScreen.storyboard */; };
/* End PBXBuildFile section */

/* Begin PBXFileReference section */
		762BC4191C15CE8700DF0FEA /* DragImage.swift */ = {isa = PBXFileReference; fileEncoding = 4; lastKnownFileType = sourcecode.swift; path = DragImage.swift; sourceTree = "<group>"; };
		767862141C149C4000CD0827 /* my-Tamagotchi.app */ = {isa = PBXFileReference; explicitFileType = wrapper.application; includeInIndex = 0; path = "my-Tamagotchi.app"; sourceTree = BUILT_PRODUCTS_DIR; };
		767862171C149C4000CD0827 /* AppDelegate.swift */ = {isa = PBXFileReference; lastKnownFileType = sourcecode.swift; path = AppDelegate.swift; sourceTree = "<group>"; };
		767862191C149C4000CD0827 /* ViewController.swift */ = {isa = PBXFileReference; lastKnownFileType = sourcecode.swift; path = ViewController.swift; sourceTree = "<group>"; };
		7678621C1C149C4000CD0827 /* Base */ = {isa = PBXFileReference; lastKnownFileType = file.storyboard; name = Base; path = Base.lproj/Main.storyboard; sourceTree = "<group>"; };
		7678621E1C149C4000CD0827 /* Assets.xcassets */ = {isa = PBXFileReference; lastKnownFileType = folder.assetcatalog; path = Assets.xcassets; sourceTree = "<group>"; };
		767862211C149C4100CD0827 /* Base */ = {isa = PBXFileReference; lastKnownFileType = file.storyboard; name = Base; path = Base.lproj/LaunchScreen.storyboard; sourceTree = "<group>"; };
		767862231C149C4100CD0827 /* Info.plist */ = {isa = PBXFileReference; lastKnownFileType = text.plist.xml; path = Info.plist; sourceTree = "<group>"; };
/* End PBXFileReference section */

/* Begin PBXFrameworksBuildPhase section */
		767862111C149C4000CD0827 /* Frameworks */ = {
			isa = PBXFrameworksBuildPhase;
			buildActionMask = 2147483647;
			files = (
			);
			runOnlyForDeploymentPostprocessing = 0;
		};
/* End PBXFrameworksBuildPhase section */

/* Begin PBXGroup section */
		7678620B1C149C4000CD0827 = {
			isa = PBXGroup;
			children = (
				762BC4191C15CE8700DF0FEA /* DragImage.swift */,
				767862161C149C4000CD0827 /* my-Tamagotchi */,
				767862151C149C4000CD0827 /* Products */,
			);
			sourceTree = "<group>";
		};
		767862151C149C4000CD0827 /* Products */ = {
			isa = PBXGroup;
			children = (
				767862141C149C4000CD0827 /* my-Tamagotchi.app */,
			);
			name = Products;
			sourceTree = "<group>";
		};
		767862161C149C4000CD0827 /* my-Tamagotchi */ = {
			isa = PBXGroup;
			children = (
				767862171C149C4000CD0827 /* AppDelegate.swift */,
				767862191C149C4000CD0827 /* ViewController.swift */,
				7678621B1C149C4000CD0827 /* Main.storyboard */,
				7678621E1C149C4000CD0827 /* Assets.xcassets */,
				767862201C149C4100CD0827 /* LaunchScreen.storyboard */,
				767862231C149C4100CD0827 /* Info.plist */,
			);
			path = "my-Tamagotchi";
			sourceTree = "<group>";
		};
/* End PBXGroup section */

/* Begin PBXNativeTarget section */
		767862131C149C4000CD0827 /* my-Tamagotchi */ = {
			isa = PBXNativeTarget;
			buildConfigurationList = 767862261C149C4100CD0827 /* Build configuration list for PBXNativeTarget "my-Tamagotchi" */;
			buildPhases = (
				767862101C149C4000CD0827 /* Sources */,
				767862111C149C4000CD0827 /* Frameworks */,
				767862121C149C4000CD0827 /* Resources */,
			);
			buildRules = (
			);
			dependencies = (
			);
			name = "my-Tamagotchi";
			productName = "my-Tamagotchi";
			productReference = 767862141C149C4000CD0827 /* my-Tamagotchi.app */;
			productType = "com.apple.product-type.application";
		};
/* End PBXNativeTarget section */

/* Begin PBXProject section */
		7678620C1C149C4000CD0827 /* Project object */ = {
			isa = PBXProject;
			attributes = {
				LastSwiftUpdateCheck = 0710;
				LastUpgradeCheck = 0710;
				ORGANIZATIONNAME = Lympe;
				TargetAttributes = {
					767862131C149C4000CD0827 = {
						CreatedOnToolsVersion = 7.1.1;
					};
				};
			};
			buildConfigurationList = 7678620F1C149C4000CD0827 /* Build configuration list for PBXProject "my-Tamagotchi" */;
			compatibilityVersion = "Xcode 3.2";
			developmentRegion = English;
			hasScannedForEncodings = 0;
			knownRegions = (
				en,
				Base,
			);
			mainGroup = 7678620B1C149C4000CD0827;
			productRefGroup = 767862151C149C4000CD0827 /* Products */;
			projectDirPath = "";
			projectRoot = "";
			targets = (
				767862131C149C4000CD0827 /* my-Tamagotchi */,
			);
		};
/* End PBXProject section */

/* Begin PBXResourcesBuildPhase section */
		767862121C149C4000CD0827 /* Resources */ = {
			isa = PBXResourcesBuildPhase;
			buildActionMask = 2147483647;
			files = (
				767862221C149C4100CD0827 /* LaunchScreen.storyboard in Resources */,
				7678621F1C149C4000CD0827 /* Assets.xcassets in Resources */,
				7678621D1C149C4000CD0827 /* Main.storyboard in Resources */,
			);
			runOnlyForDeploymentPostprocessing = 0;
		};
/* End PBXResourcesBuildPhase section */

/* Begin PBXSourcesBuildPhase section */
		767862101C149C4000CD0827 /* Sources */ = {
			isa = PBXSourcesBuildPhase;
			buildActionMask = 2147483647;
			files = (
				7678621A1C149C4000CD0827 /* ViewController.swift in Sources */,
				762BC41A1C15CE8700DF0FEA /* DragImage.swift in Sources */,
				767862181C149C4000CD0827 /* AppDelegate.swift in Sources */,
			);
			runOnlyForDeploymentPostprocessing = 0;
		};
/* End PBXSourcesBuildPhase section */

/* Begin PBXVariantGroup section */
		7678621B1C149C4000CD0827 /* Main.storyboard */ = {
			isa = PBXVariantGroup;
			children = (
				7678621C1C149C4000CD0827 /* Base */,
			);
			name = Main.storyboard;
			sourceTree = "<group>";
		};
		767862201C149C4100CD0827 /* LaunchScreen.storyboard */ = {
			isa = PBXVariantGroup;
			children = (
				767862211C149C4100CD0827 /* Base */,
			);
			name = LaunchScreen.storyboard;
			sourceTree = "<group>";
		};
/* End PBXVariantGroup section */

/* Begin XCBuildConfiguration section */
		767862241C149C4100CD0827 /* Debug */ = {
			isa = XCBuildConfiguration;
			buildSettings = {
				ALWAYS_SEARCH_USER_PATHS = NO;
				CLANG_CXX_LANGUAGE_STANDARD = "gnu++0x";
				CLANG_CXX_LIBRARY = "libc++";
				CLANG_ENABLE_MODULES = YES;
				CLANG_ENABLE_OBJC_ARC = YES;
				CLANG_WARN_BOOL_CONVERSION = YES;
				CLANG_WARN_CONSTANT_CONVERSION = YES;
				CLANG_WARN_DIRECT_OBJC_ISA_USAGE = YES_ERROR;
				CLANG_WARN_EMPTY_BODY = YES;
				CLANG_WARN_ENUM_CONVERSION = YES;
				CLANG_WARN_INT_CONVERSION = YES;
				CLANG_WARN_OBJC_ROOT_CLASS = YES_ERROR;
				CLANG_WARN_UNREACHABLE_CODE = YES;
				CLANG_WARN__DUPLICATE_METHOD_MATCH = YES;
				"CODE_SIGN_IDENTITY[sdk=iphoneos*]" = "iPhone Developer";
				COPY_PHASE_STRIP = NO;
				DEBUG_INFORMATION_FORMAT = dwarf;
				ENABLE_STRICT_OBJC_MSGSEND = YES;
				ENABLE_TESTABILITY = YES;
				GCC_C_LANGUAGE_STANDARD = gnu99;
				GCC_DYNAMIC_NO_PIC = NO;
				GCC_NO_COMMON_BLOCKS = YES;
				GCC_OPTIMIZATION_LEVEL = 0;
				GCC_PREPROCESSOR_DEFINITIONS = (
					"DEBUG=1",
					"$(inherited)",
				);
				GCC_WARN_64_TO_32_BIT_CONVERSION = YES;
				GCC_WARN_ABOUT_RETURN_TYPE = YES_ERROR;
				GCC_WARN_UNDECLARED_SELECTOR = YES;
				GCC_WARN_UNINITIALIZED_AUTOS = YES_AGGRESSIVE;
				GCC_WARN_UNUSED_FUNCTION = YES;
				GCC_WARN_UNUSED_VARIABLE = YES;
				IPHONEOS_DEPLOYMENT_TARGET = 9.1;
				MTL_ENABLE_DEBUG_INFO = YES;
				ONLY_ACTIVE_ARCH = YES;
				SDKROOT = iphoneos;
				SWIFT_OPTIMIZATION_LEVEL = "-Onone";
			};
			name = Debug;
		};
		767862251C149C4100CD0827 /* Release */ = {
			isa = XCBuildConfiguration;
			buildSettings = {
				ALWAYS_SEARCH_USER_PATHS = NO;
				CLANG_CXX_LANGUAGE_STANDARD = "gnu++0x";
				CLANG_CXX_LIBRARY = "libc++";
				CLANG_ENABLE_MODULES = YES;
				CLANG_ENABLE_OBJC_ARC = YES;
				CLANG_WARN_BOOL_CONVERSION = YES;
				CLANG_WARN_CONSTANT_CONVERSION = YES;
				CLANG_WARN_DIRECT_OBJC_ISA_USAGE = YES_ERROR;
				CLANG_WARN_EMPTY_BODY = YES;
				CLANG_WARN_ENUM_CONVERSION = YES;
				CLANG_WARN_INT_CONVERSION = YES;
				CLANG_WARN_OBJC_ROOT_CLASS = YES_ERROR;
				CLANG_WARN_UNREACHABLE_CODE = YES;
				CLANG_WARN__DUPLICATE_METHOD_MATCH = YES;
				"CODE_SIGN_IDENTITY[sdk=iphoneos*]" = "iPhone Developer";
				COPY_PHASE_STRIP = NO;
				DEBUG_INFORMATION_FORMAT = "dwarf-with-dsym";
				ENABLE_NS_ASSERTIONS = NO;
				ENABLE_STRICT_OBJC_MSGSEND = YES;
				GCC_C_LANGUAGE_STANDARD = gnu99;
				GCC_NO_COMMON_BLOCKS = YES;
				GCC_WARN_64_TO_32_BIT_CONVERSION = YES;
				GCC_WARN_ABOUT_RETURN_TYPE = YES_ERROR;
				GCC_WARN_UNDECLARED_SELECTOR = YES;
				GCC_WARN_UNINITIALIZED_AUTOS = YES_AGGRESSIVE;
				GCC_WARN_UNUSED_FUNCTION = YES;
				GCC_WARN_UNUSED_VARIABLE = YES;
				IPHONEOS_DEPLOYMENT_TARGET = 9.1;
				MTL_ENABLE_DEBUG_INFO = NO;
				SDKROOT = iphoneos;
				VALIDATE_PRODUCT = YES;
			};
			name = Release;
		};
		767862271C149C4100CD0827 /* Debug */ = {
			isa = XCBuildConfiguration;
			buildSettings = {
				ASSETCATALOG_COMPILER_APPICON_NAME = AppIcon;
				INFOPLIST_FILE = "my-Tamagotchi/Info.plist";
				LD_RUNPATH_SEARCH_PATHS = "$(inherited) @executable_path/Frameworks";
				PRODUCT_BUNDLE_IDENTIFIER = "com.lympe.my-Tamagotchi";
				PRODUCT_NAME = "$(TARGET_NAME)";
				TARGETED_DEVICE_FAMILY = "1,2";
			};
			name = Debug;
		};
		767862281C149C4100CD0827 /* Release */ = {
			isa = XCBuildConfiguration;
			buildSettings = {
				ASSETCATALOG_COMPILER_APPICON_NAME = AppIcon;
				INFOPLIST_FILE = "my-Tamagotchi/Info.plist";
				LD_RUNPATH_SEARCH_PATHS = "$(inherited) @executable_path/Frameworks";
				PRODUCT_BUNDLE_IDENTIFIER = "com.lympe.my-Tamagotchi";
				PRODUCT_NAME = "$(TARGET_NAME)";
				TARGETED_DEVICE_FAMILY = "1,2";
			};
			name = Release;
		};
/* End XCBuildConfiguration section */

/* Begin XCConfigurationList section */
		7678620F1C149C4000CD0827 /* Build configuration list for PBXProject "my-Tamagotchi" */ = {
			isa = XCConfigurationList;
			buildConfigurations = (
				767862241C149C4100CD0827 /* Debug */,
				767862251C149C4100CD0827 /* Release */,
			);
			defaultConfigurationIsVisible = 0;
			defaultConfigurationName = Release;
		};
		767862261C149C4100CD0827 /* Build configuration list for PBXNativeTarget "my-Tamagotchi" */ = {
			isa = XCConfigurationList;
			buildConfigurations = (
				767862271C149C4100CD0827 /* Debug */,
				767862281C149C4100CD0827 /* Release */,
			);
			defaultConfigurationIsVisible = 0;
			defaultConfigurationName = Release;
		};
/* End XCConfigurationList section */
	};
	rootObject = 7678620C1C149C4000CD0827 /* Project object */;
}
